
Microsoft Visual Studio Solution File, Format Version 12.00
# Visual Studio 15
VisualStudioVersion = 15.0.26430.16
MinimumVisualStudioVersion = 10.0.40219.1
Project("{D954291E-2A0B-460D-934E-DC6B0785DB48}") = "WeatherApp", "WeatherApp\WeatherApp\WeatherApp.shproj", "{5C1C585A-B767-4692-A22E-365FAD488152}"
EndProject
Project("{FAE04EC0-301F-11D3-BF4B-00C04F79EFBC}") = "WeatherApp.Android", "WeatherApp\WeatherApp.Android\WeatherApp.Android.csproj", "{3F641837-0377-4648-8D5D-A40E3583B840}"
EndProject
Project("{FAE04EC0-301F-11D3-BF4B-00C04F79EFBC}") = "WeatherApp.iOS", "WeatherApp\WeatherApp.iOS\WeatherApp.iOS.csproj", "{4652FEBF-C75C-4DE3-A92F-DAF73AF1EB92}"
EndProject
Project("{FAE04EC0-301F-11D3-BF4B-00C04F79EFBC}") = "WeatherApp.UWP", "WeatherApp\WeatherApp.UWP\WeatherApp.UWP.csproj", "{A660ED4D-BA92-47CE-9916-28B1286260E1}"
EndProject
Global
	GlobalSection(SharedMSBuildProjectFiles) = preSolution
		WeatherApp\WeatherApp\WeatherApp.projitems*{3f641837-0377-4648-8d5d-a40e3583b840}*SharedItemsImports = 4
		WeatherApp\WeatherApp\WeatherApp.projitems*{4652febf-c75c-4de3-a92f-daf73af1eb92}*SharedItemsImports = 4
		WeatherApp\WeatherApp\WeatherApp.projitems*{5c1c585a-b767-4692-a22e-365fad488152}*SharedItemsImports = 13
		WeatherApp\WeatherApp\WeatherApp.projitems*{a660ed4d-ba92-47ce-9916-28b1286260e1}*SharedItemsImports = 4
	EndGlobalSection
	GlobalSection(SolutionConfigurationPlatforms) = preSolution
		Ad-Hoc|Any CPU = Ad-Hoc|Any CPU
		Ad-Hoc|ARM = Ad-Hoc|ARM
		Ad-Hoc|iPhone = Ad-Hoc|iPhone
		Ad-Hoc|iPhoneSimulator = Ad-Hoc|iPhoneSimulator
		Ad-Hoc|x64 = Ad-Hoc|x64
		Ad-Hoc|x86 = Ad-Hoc|x86
		AppStore|Any CPU = AppStore|Any CPU
		AppStore|ARM = AppStore|ARM
		AppStore|iPhone = AppStore|iPhone
		AppStore|iPhoneSimulator = AppStore|iPhoneSimulator
		AppStore|x64 = AppStore|x64
		AppStore|x86 = AppStore|x86
		Debug|Any CPU = Debug|Any CPU
		Debug|ARM = Debug|ARM
		Debug|iPhone = Debug|iPhone
		Debug|iPhoneSimulator = Debug|iPhoneSimulator
		Debug|x64 = Debug|x64
		Debug|x86 = Debug|x86
		Release|Any CPU = Release|Any CPU
		Release|ARM = Release|ARM
		Release|iPhone = Release|iPhone
		Release|iPhoneSimulator = Release|iPhoneSimulator
		Release|x64 = Release|x64
		Release|x86 = Release|x86
	EndGlobalSection
	GlobalSection(ProjectConfigurationPlatforms) = postSolution
		{3F641837-0377-4648-8D5D-A40E3583B840}.Ad-Hoc|Any CPU.ActiveCfg = Release|Any CPU
		{3F641837-0377-4648-8D5D-A40E3583B840}.Ad-Hoc|Any CPU.Build.0 = Release|Any CPU
		{3F641837-0377-4648-8D5D-A40E3583B840}.Ad-Hoc|Any CPU.Deploy.0 = Release|Any CPU
		{3F641837-0377-4648-8D5D-A40E3583B840}.Ad-Hoc|ARM.ActiveCfg = Release|Any CPU
		{3F641837-0377-4648-8D5D-A40E3583B840}.Ad-Hoc|ARM.Build.0 = Release|Any CPU
		{3F641837-0377-4648-8D5D-A40E3583B840}.Ad-Hoc|ARM.Deploy.0 = Release|Any CPU
		{3F641837-0377-4648-8D5D-A40E3583B840}.Ad-Hoc|iPhone.ActiveCfg = Release|Any CPU
		{3F641837-0377-4648-8D5D-A40E3583B840}.Ad-Hoc|iPhone.Build.0 = Release|Any CPU
		{3F641837-0377-4648-8D5D-A40E3583B840}.Ad-Hoc|iPhone.Deploy.0 = Release|Any CPU
		{3F641837-0377-4648-8D5D-A40E3583B840}.Ad-Hoc|iPhoneSimulator.ActiveCfg = Release|Any CPU
		{3F641837-0377-4648-8D5D-A40E3583B840}.Ad-Hoc|iPhoneSimulator.Build.0 = Release|Any CPU
		{3F641837-0377-4648-8D5D-A40E3583B840}.Ad-Hoc|iPhoneSimulator.Deploy.0 = Release|Any CPU
		{3F641837-0377-4648-8D5D-A40E3583B840}.Ad-Hoc|x64.ActiveCfg = Release|Any CPU
		{3F641837-0377-4648-8D5D-A40E3583B840}.Ad-Hoc|x64.Build.0 = Release|Any CPU
		{3F641837-0377-4648-8D5D-A40E3583B840}.Ad-Hoc|x64.Deploy.0 = Release|Any CPU
		{3F641837-0377-4648-8D5D-A40E3583B840}.Ad-Hoc|x86.ActiveCfg = Release|Any CPU
		{3F641837-0377-4648-8D5D-A40E3583B840}.Ad-Hoc|x86.Build.0 = Release|Any CPU
		{3F641837-0377-4648-8D5D-A40E3583B840}.Ad-Hoc|x86.Deploy.0 = Release|Any CPU
		{3F641837-0377-4648-8D5D-A40E3583B840}.AppStore|Any CPU.ActiveCfg = Release|Any CPU
		{3F641837-0377-4648-8D5D-A40E3583B840}.AppStore|Any CPU.Build.0 = Release|Any CPU
		{3F641837-0377-4648-8D5D-A40E3583B840}.AppStore|Any CPU.Deploy.0 = Release|Any CPU
		{3F641837-0377-4648-8D5D-A40E3583B840}.AppStore|ARM.ActiveCfg = Release|Any CPU
		{3F641837-0377-4648-8D5D-A40E3583B840}.AppStore|ARM.Build.0 = Release|Any CPU
		{3F641837-0377-4648-8D5D-A40E3583B840}.AppStore|ARM.Deploy.0 = Release|Any CPU
		{3F641837-0377-4648-8D5D-A40E3583B840}.AppStore|iPhone.ActiveCfg = Release|Any CPU
		{3F641837-0377-4648-8D5D-A40E3583B840}.AppStore|iPhone.Build.0 = Release|Any CPU
		{3F641837-0377-4648-8D5D-A40E3583B840}.AppStore|iPhone.Deploy.0 = Release|Any CPU
		{3F641837-0377-4648-8D5D-A40E3583B840}.AppStore|iPhoneSimulator.ActiveCfg = Release|Any CPU
		{3F641837-0377-4648-8D5D-A40E3583B840}.AppStore|iPhoneSimulator.Build.0 = Release|Any CPU
		{3F641837-0377-4648-8D5D-A40E3583B840}.AppStore|iPhoneSimulator.Deploy.0 = Release|Any CPU
		{3F641837-0377-4648-8D5D-A40E3583B840}.AppStore|x64.ActiveCfg = Release|Any CPU
		{3F641837-0377-4648-8D5D-A40E3583B840}.AppStore|x64.Build.0 = Release|Any CPU
		{3F641837-0377-4648-8D5D-A40E3583B840}.AppStore|x64.Deploy.0 = Release|Any CPU
		{3F641837-0377-4648-8D5D-A40E3583B840}.AppStore|x86.ActiveCfg = Release|Any CPU
		{3F641837-0377-4648-8D5D-A40E3583B840}.AppStore|x86.Build.0 = Release|Any CPU
		{3F641837-0377-4648-8D5D-A40E3583B840}.AppStore|x86.Deploy.0 = Release|Any CPU
		{3F641837-0377-4648-8D5D-A40E3583B840}.Debug|Any CPU.ActiveCfg = Debug|Any CPU
		{3F641837-0377-4648-8D5D-A40E3583B840}.Debug|Any CPU.Build.0 = Debug|Any CPU
		{3F641837-0377-4648-8D5D-A40E3583B840}.Debug|Any CPU.Deploy.0 = Debug|Any CPU
		{3F641837-0377-4648-8D5D-A40E3583B840}.Debug|ARM.ActiveCfg = Debug|Any CPU
		{3F641837-0377-4648-8D5D-A40E3583B840}.Debug|ARM.Build.0 = Debug|Any CPU
		{3F641837-0377-4648-8D5D-A40E3583B840}.Debug|ARM.Deploy.0 = Debug|Any CPU
		{3F641837-0377-4648-8D5D-A40E3583B840}.Debug|iPhone.ActiveCfg = Debug|Any CPU
		{3F641837-0377-4648-8D5D-A40E3583B840}.Debug|iPhone.Build.0 = Debug|Any CPU
		{3F641837-0377-4648-8D5D-A40E3583B840}.Debug|iPhone.Deploy.0 = Debug|Any CPU
		{3F641837-0377-4648-8D5D-A40E3583B840}.Debug|iPhoneSimulator.ActiveCfg = Debug|Any CPU
		{3F641837-0377-4648-8D5D-A40E3583B840}.Debug|iPhoneSimulator.Build.0 = Debug|Any CPU
		{3F641837-0377-4648-8D5D-A40E3583B840}.Debug|iPhoneSimulator.Deploy.0 = Debug|Any CPU
		{3F641837-0377-4648-8D5D-A40E3583B840}.Debug|x64.ActiveCfg = Debug|Any CPU
		{3F641837-0377-4648-8D5D-A40E3583B840}.Debug|x64.Build.0 = Debug|Any CPU
		{3F641837-0377-4648-8D5D-A40E3583B840}.Debug|x64.Deploy.0 = Debug|Any CPU
		{3F641837-0377-4648-8D5D-A40E3583B840}.Debug|x86.ActiveCfg = Debug|Any CPU
		{3F641837-0377-4648-8D5D-A40E3583B840}.Debug|x86.Build.0 = Debug|Any CPU
		{3F641837-0377-4648-8D5D-A40E3583B840}.Debug|x86.Deploy.0 = Debug|Any CPU
		{3F641837-0377-4648-8D5D-A40E3583B840}.Release|Any CPU.ActiveCfg = Release|Any CPU
		{3F641837-0377-4648-8D5D-A40E3583B840}.Release|Any CPU.Build.0 = Release|Any CPU
		{3F641837-0377-4648-8D5D-A40E3583B840}.Release|Any CPU.Deploy.0 = Release|Any CPU
		{3F641837-0377-4648-8D5D-A40E3583B840}.Release|ARM.ActiveCfg = Release|Any CPU
		{3F641837-0377-4648-8D5D-A40E3583B840}.Release|ARM.Build.0 = Release|Any CPU
		{3F641837-0377-4648-8D5D-A40E3583B840}.Release|ARM.Deploy.0 = Release|Any CPU
		{3F641837-0377-4648-8D5D-A40E3583B840}.Release|iPhone.ActiveCfg = Release|Any CPU
		{3F641837-0377-4648-8D5D-A40E3583B840}.Release|iPhone.Build.0 = Release|Any CPU
		{3F641837-0377-4648-8D5D-A40E3583B840}.Release|iPhone.Deploy.0 = Release|Any CPU
		{3F641837-0377-4648-8D5D-A40E3583B840}.Release|iPhoneSimulator.ActiveCfg = Release|Any CPU
		{3F641837-0377-4648-8D5D-A40E3583B840}.Release|iPhoneSimulator.Build.0 = Release|Any CPU
		{3F641837-0377-4648-8D5D-A40E3583B840}.Release|iPhoneSimulator.Deploy.0 = Release|Any CPU
		{3F641837-0377-4648-8D5D-A40E3583B840}.Release|x64.ActiveCfg = Release|Any CPU
		{3F641837-0377-4648-8D5D-A40E3583B840}.Release|x64.Build.0 = Release|Any CPU
		{3F641837-0377-4648-8D5D-A40E3583B840}.Release|x64.Deploy.0 = Release|Any CPU
		{3F641837-0377-4648-8D5D-A40E3583B840}.Release|x86.ActiveCfg = Release|Any CPU
		{3F641837-0377-4648-8D5D-A40E3583B840}.Release|x86.Build.0 = Release|Any CPU
		{3F641837-0377-4648-8D5D-A40E3583B840}.Release|x86.Deploy.0 = Release|Any CPU
		{4652FEBF-C75C-4DE3-A92F-DAF73AF1EB92}.Ad-Hoc|Any CPU.ActiveCfg = Ad-Hoc|iPhone
		{4652FEBF-C75C-4DE3-A92F-DAF73AF1EB92}.Ad-Hoc|ARM.ActiveCfg = Ad-Hoc|iPhone
		{4652FEBF-C75C-4DE3-A92F-DAF73AF1EB92}.Ad-Hoc|iPhone.ActiveCfg = Ad-Hoc|iPhone
		{4652FEBF-C75C-4DE3-A92F-DAF73AF1EB92}.Ad-Hoc|iPhone.Build.0 = Ad-Hoc|iPhone
		{4652FEBF-C75C-4DE3-A92F-DAF73AF1EB92}.Ad-Hoc|iPhoneSimulator.ActiveCfg = Ad-Hoc|iPhoneSimulator
		{4652FEBF-C75C-4DE3-A92F-DAF73AF1EB92}.Ad-Hoc|iPhoneSimulator.Build.0 = Ad-Hoc|iPhoneSimulator
		{4652FEBF-C75C-4DE3-A92F-DAF73AF1EB92}.Ad-Hoc|x64.ActiveCfg = Ad-Hoc|iPhone
		{4652FEBF-C75C-4DE3-A92F-DAF73AF1EB92}.Ad-Hoc|x86.ActiveCfg = Ad-Hoc|iPhone
		{4652FEBF-C75C-4DE3-A92F-DAF73AF1EB92}.AppStore|Any CPU.ActiveCfg = AppStore|iPhone
		{4652FEBF-C75C-4DE3-A92F-DAF73AF1EB92}.AppStore|ARM.ActiveCfg = AppStore|iPhone
		{4652FEBF-C75C-4DE3-A92F-DAF73AF1EB92}.AppStore|iPhone.ActiveCfg = AppStore|iPhone
		{4652FEBF-C75C-4DE3-A92F-DAF73AF1EB92}.AppStore|iPhone.Build.0 = AppStore|iPhone
		{4652FEBF-C75C-4DE3-A92F-DAF73AF1EB92}.AppStore|iPhoneSimulator.ActiveCfg = AppStore|iPhoneSimulator
		{4652FEBF-C75C-4DE3-A92F-DAF73AF1EB92}.AppStore|iPhoneSimulator.Build.0 = AppStore|iPhoneSimulator
		{4652FEBF-C75C-4DE3-A92F-DAF73AF1EB92}.AppStore|x64.ActiveCfg = AppStore|iPhone
		{4652FEBF-C75C-4DE3-A92F-DAF73AF1EB92}.AppStore|x86.ActiveCfg = AppStore|iPhone
		{4652FEBF-C75C-4DE3-A92F-DAF73AF1EB92}.Debug|Any CPU.ActiveCfg = Debug|iPhone
		{4652FEBF-C75C-4DE3-A92F-DAF73AF1EB92}.Debug|ARM.ActiveCfg = Debug|iPhone
		{4652FEBF-C75C-4DE3-A92F-DAF73AF1EB92}.Debug|iPhone.ActiveCfg = Debug|iPhone
		{4652FEBF-C75C-4DE3-A92F-DAF73AF1EB92}.Debug|iPhone.Build.0 = Debug|iPhone
		{4652FEBF-C75C-4DE3-A92F-DAF73AF1EB92}.Debug|iPhoneSimulator.ActiveCfg = Debug|iPhoneSimulator
		{4652FEBF-C75C-4DE3-A92F-DAF73AF1EB92}.Debug|iPhoneSimulator.Build.0 = Debug|iPhoneSimulator
		{4652FEBF-C75C-4DE3-A92F-DAF73AF1EB92}.Debug|x64.ActiveCfg = Debug|iPhone
		{4652FEBF-C75C-4DE3-A92F-DAF73AF1EB92}.Debug|x86.ActiveCfg = Debug|iPhone
		{4652FEBF-C75C-4DE3-A92F-DAF73AF1EB92}.Release|Any CPU.ActiveCfg = Release|iPhone
		{4652FEBF-C75C-4DE3-A92F-DAF73AF1EB92}.Release|ARM.ActiveCfg = Release|iPhone
		{4652FEBF-C75C-4DE3-A92F-DAF73AF1EB92}.Release|iPhone.ActiveCfg = Release|iPhone
		{4652FEBF-C75C-4DE3-A92F-DAF73AF1EB92}.Release|iPhone.Build.0 = Release|iPhone
		{4652FEBF-C75C-4DE3-A92F-DAF73AF1EB92}.Release|iPhoneSimulator.ActiveCfg = Release|iPhoneSimulator
		{4652FEBF-C75C-4DE3-A92F-DAF73AF1EB92}.Release|iPhoneSimulator.Build.0 = Release|iPhoneSimulator
		{4652FEBF-C75C-4DE3-A92F-DAF73AF1EB92}.Release|x64.ActiveCfg = Release|iPhone
		{4652FEBF-C75C-4DE3-A92F-DAF73AF1EB92}.Release|x86.ActiveCfg = Release|iPhone
		{A660ED4D-BA92-47CE-9916-28B1286260E1}.Ad-Hoc|Any CPU.ActiveCfg = Release|x86
		{A660ED4D-BA92-47CE-9916-28B1286260E1}.Ad-Hoc|Any CPU.Build.0 = Release|x86
		{A660ED4D-BA92-47CE-9916-28B1286260E1}.Ad-Hoc|Any CPU.Deploy.0 = Release|x86
		{A660ED4D-BA92-47CE-9916-28B1286260E1}.Ad-Hoc|ARM.ActiveCfg = Release|ARM
		{A660ED4D-BA92-47CE-9916-28B1286260E1}.Ad-Hoc|ARM.Build.0 = Release|ARM
		{A660ED4D-BA92-47CE-9916-28B1286260E1}.Ad-Hoc|ARM.Deploy.0 = Release|ARM
		{A660ED4D-BA92-47CE-9916-28B1286260E1}.Ad-Hoc|iPhone.ActiveCfg = Release|x86
		{A660ED4D-BA92-47CE-9916-28B1286260E1}.Ad-Hoc|iPhone.Build.0 = Release|x86
		{A660ED4D-BA92-47CE-9916-28B1286260E1}.Ad-Hoc|iPhone.Deploy.0 = Release|x86
		{A660ED4D-BA92-47CE-9916-28B1286260E1}.Ad-Hoc|iPhoneSimulator.ActiveCfg = Release|x86
		{A660ED4D-BA92-47CE-9916-28B1286260E1}.Ad-Hoc|iPhoneSimulator.Build.0 = Release|x86
		{A660ED4D-BA92-47CE-9916-28B1286260E1}.Ad-Hoc|iPhoneSimulator.Deploy.0 = Release|x86
		{A660ED4D-BA92-47CE-9916-28B1286260E1}.Ad-Hoc|x64.ActiveCfg = Release|x64
		{A660ED4D-BA92-47CE-9916-28B1286260E1}.Ad-Hoc|x64.Build.0 = Release|x64
		{A660ED4D-BA92-47CE-9916-28B1286260E1}.Ad-Hoc|x64.Deploy.0 = Release|x64
		{A660ED4D-BA92-47CE-9916-28B1286260E1}.Ad-Hoc|x86.ActiveCfg = Release|x86
		{A660ED4D-BA92-47CE-9916-28B1286260E1}.Ad-Hoc|x86.Build.0 = Release|x86
		{A660ED4D-BA92-47CE-9916-28B1286260E1}.Ad-Hoc|x86.Deploy.0 = Release|x86
		{A660ED4D-BA92-47CE-9916-28B1286260E1}.AppStore|Any CPU.ActiveCfg = Release|x86
		{A660ED4D-BA92-47CE-9916-28B1286260E1}.AppStore|Any CPU.Build.0 = Release|x86
		{A660ED4D-BA92-47CE-9916-28B1286260E1}.AppStore|Any CPU.Deploy.0 = Release|x86
		{A660ED4D-BA92-47CE-9916-28B1286260E1}.AppStore|ARM.ActiveCfg = Release|ARM
		{A660ED4D-BA92-47CE-9916-28B1286260E1}.AppStore|ARM.Build.0 = Release|ARM
		{A660ED4D-BA92-47CE-9916-28B1286260E1}.AppStore|ARM.Deploy.0 = Release|ARM
		{A660ED4D-BA92-47CE-9916-28B1286260E1}.AppStore|iPhone.ActiveCfg = Release|x86
		{A660ED4D-BA92-47CE-9916-28B1286260E1}.AppStore|iPhone.Build.0 = Release|x86
		{A660ED4D-BA92-47CE-9916-28B1286260E1}.AppStore|iPhone.Deploy.0 = Release|x86
		{A660ED4D-BA92-47CE-9916-28B1286260E1}.AppStore|iPhoneSimulator.ActiveCfg = Release|x86
		{A660ED4D-BA92-47CE-9916-28B1286260E1}.AppStore|iPhoneSimulator.Build.0 = Release|x86
		{A660ED4D-BA92-47CE-9916-28B1286260E1}.AppStore|iPhoneSimulator.Deploy.0 = Release|x86
		{A660ED4D-BA92-47CE-9916-28B1286260E1}.AppStore|x64.ActiveCfg = Release|x64
		{A660ED4D-BA92-47CE-9916-28B1286260E1}.AppStore|x64.Build.0 = Release|x64
		{A660ED4D-BA92-47CE-9916-28B1286260E1}.AppStore|x64.Deploy.0 = Release|x64
		{A660ED4D-BA92-47CE-9916-28B1286260E1}.AppStore|x86.ActiveCfg = Release|x86
		{A660ED4D-BA92-47CE-9916-28B1286260E1}.AppStore|x86.Build.0 = Release|x86
		{A660ED4D-BA92-47CE-9916-28B1286260E1}.AppStore|x86.Deploy.0 = Release|x86
		{A660ED4D-BA92-47CE-9916-28B1286260E1}.Debug|Any CPU.ActiveCfg = Debug|ARM
		{A660ED4D-BA92-47CE-9916-28B1286260E1}.Debug|ARM.ActiveCfg = Debug|ARM
		{A660ED4D-BA92-47CE-9916-28B1286260E1}.Debug|ARM.Build.0 = Debug|ARM
		{A660ED4D-BA92-47CE-9916-28B1286260E1}.Debug|ARM.Deploy.0 = Debug|ARM
		{A660ED4D-BA92-47CE-9916-28B1286260E1}.Debug|iPhone.ActiveCfg = Debug|x86
		{A660ED4D-BA92-47CE-9916-28B1286260E1}.Debug|iPhoneSimulator.ActiveCfg = Debug|x86
		{A660ED4D-BA92-47CE-9916-28B1286260E1}.Debug|x64.ActiveCfg = Debug|x64
		{A660ED4D-BA92-47CE-9916-28B1286260E1}.Debug|x64.Build.0 = Debug|x64
		{A660ED4D-BA92-47CE-9916-28B1286260E1}.Debug|x64.Deploy.0 = Debug|x64
		{A660ED4D-BA92-47CE-9916-28B1286260E1}.Debug|x86.ActiveCfg = Debug|x86
		{A660ED4D-BA92-47CE-9916-28B1286260E1}.Debug|x86.Build.0 = Debug|x86
		{A660ED4D-BA92-47CE-9916-28B1286260E1}.Debug|x86.Deploy.0 = Debug|x86
		{A660ED4D-BA92-47CE-9916-28B1286260E1}.Release|Any CPU.ActiveCfg = Release|x86
		{A660ED4D-BA92-47CE-9916-28B1286260E1}.Release|ARM.ActiveCfg = Release|ARM
		{A660ED4D-BA92-47CE-9916-28B1286260E1}.Release|ARM.Build.0 = Release|ARM
		{A660ED4D-BA92-47CE-9916-28B1286260E1}.Release|ARM.Deploy.0 = Release|ARM
		{A660ED4D-BA92-47CE-9916-28B1286260E1}.Release|iPhone.ActiveCfg = Release|x86
		{A660ED4D-BA92-47CE-9916-28B1286260E1}.Release|iPhoneSimulator.ActiveCfg = Release|x86
		{A660ED4D-BA92-47CE-9916-28B1286260E1}.Release|x64.ActiveCfg = Release|x64
		{A660ED4D-BA92-47CE-9916-28B1286260E1}.Release|x64.Build.0 = Release|x64
		{A660ED4D-BA92-47CE-9916-28B1286260E1}.Release|x64.Deploy.0 = Release|x64
		{A660ED4D-BA92-47CE-9916-28B1286260E1}.Release|x86.ActiveCfg = Release|x86
		{A660ED4D-BA92-47CE-9916-28B1286260E1}.Release|x86.Build.0 = Release|x86
		{A660ED4D-BA92-47CE-9916-28B1286260E1}.Release|x86.Deploy.0 = Release|x86
	EndGlobalSection
	GlobalSection(SolutionProperties) = preSolution
		HideSolutionNode = FALSE
	EndGlobalSection
EndGlobal
